// !$*UTF8*$!
{
	archiveVersion = 1;
	classes = {
	};
	objectVersion = 55;
	objects = {

/* Begin PBXBuildFile section */
		5CB39B5528BCCAF600ABB3CE /* AppDelegate.swift in Sources */ = {isa = PBXBuildFile; fileRef = 5CB39B5428BCCAF600ABB3CE /* AppDelegate.swift */; };
		5CB39B5728BCCAF600ABB3CE /* SceneDelegate.swift in Sources */ = {isa = PBXBuildFile; fileRef = 5CB39B5628BCCAF600ABB3CE /* SceneDelegate.swift */; };
		5CB39B6928BCD14500ABB3CE /* AppRootView.swift in Sources */ = {isa = PBXBuildFile; fileRef = 5CB39B6828BCD14500ABB3CE /* AppRootView.swift */; };
		5CB39B6D28BCD99500ABB3CE /* AppCoordinator.swift in Sources */ = {isa = PBXBuildFile; fileRef = 5CB39B6C28BCD99500ABB3CE /* AppCoordinator.swift */; };
		5CB39B6F28BCD9D300ABB3CE /* AppCoordinatorView.swift in Sources */ = {isa = PBXBuildFile; fileRef = 5CB39B6E28BCD9D300ABB3CE /* AppCoordinatorView.swift */; };
		5CB39B7728BCE66600ABB3CE /* OnboardingView.swift in Sources */ = {isa = PBXBuildFile; fileRef = 5CB39B7628BCE66600ABB3CE /* OnboardingView.swift */; };
		5CB39B7928BCE6D400ABB3CE /* OnboardingViewModel.swift in Sources */ = {isa = PBXBuildFile; fileRef = 5CB39B7828BCE6D300ABB3CE /* OnboardingViewModel.swift */; };
		5CB39B7C28BCEE4600ABB3CE /* MainCoordinator.swift in Sources */ = {isa = PBXBuildFile; fileRef = 5CB39B7B28BCEE4600ABB3CE /* MainCoordinator.swift */; };
		5CB39B7E28BCEECC00ABB3CE /* MainCoordinatorView.swift in Sources */ = {isa = PBXBuildFile; fileRef = 5CB39B7D28BCEECC00ABB3CE /* MainCoordinatorView.swift */; };
		5CB39B8128BCF0EB00ABB3CE /* MainView.swift in Sources */ = {isa = PBXBuildFile; fileRef = 5CB39B8028BCF0EB00ABB3CE /* MainView.swift */; };
		5CB39B8328BCF11400ABB3CE /* MainViewModel.swift in Sources */ = {isa = PBXBuildFile; fileRef = 5CB39B8228BCF11400ABB3CE /* MainViewModel.swift */; };
		5CB39B8628BCF33A00ABB3CE /* View+NavigationExtension.swift in Sources */ = {isa = PBXBuildFile; fileRef = 5CB39B8528BCF33A00ABB3CE /* View+NavigationExtension.swift */; };
		5CB39B8928BD12D700ABB3CE /* SplashView.swift in Sources */ = {isa = PBXBuildFile; fileRef = 5CB39B8828BD12D700ABB3CE /* SplashView.swift */; };
		5CB39B8B28BE5ABF00ABB3CE /* Color+Extension.swift in Sources */ = {isa = PBXBuildFile; fileRef = 5CB39B8A28BE5ABF00ABB3CE /* Color+Extension.swift */; };
		5CB39B8F28BE709C00ABB3CE /* BooButtonView.swift in Sources */ = {isa = PBXBuildFile; fileRef = 5CB39B8E28BE709C00ABB3CE /* BooButtonView.swift */; };
		5CB39B9128BE722800ABB3CE /* UIBezier+Extension.swift in Sources */ = {isa = PBXBuildFile; fileRef = 5CB39B9028BE722800ABB3CE /* UIBezier+Extension.swift */; };
		5CB39B9328BE726F00ABB3CE /* ShapeView.swift in Sources */ = {isa = PBXBuildFile; fileRef = 5CB39B9228BE726F00ABB3CE /* ShapeView.swift */; };
		5CB39B9528BF7E2F00ABB3CE /* PlanetButtonView.swift in Sources */ = {isa = PBXBuildFile; fileRef = 5CB39B9428BF7E2F00ABB3CE /* PlanetButtonView.swift */; };
		5CB39B9728BF7E6A00ABB3CE /* TVButtonView.swift in Sources */ = {isa = PBXBuildFile; fileRef = 5CB39B9628BF7E6A00ABB3CE /* TVButtonView.swift */; };
		5CB39B9928BF818D00ABB3CE /* Assets.xcassets in Resources */ = {isa = PBXBuildFile; fileRef = 5CB39B9828BF818D00ABB3CE /* Assets.xcassets */; };
/* End PBXBuildFile section */

/* Begin PBXFileReference section */
		5CB39B5128BCCAF600ABB3CE /* RickAndMorty.app */ = {isa = PBXFileReference; explicitFileType = wrapper.application; includeInIndex = 0; path = RickAndMorty.app; sourceTree = BUILT_PRODUCTS_DIR; };
		5CB39B5428BCCAF600ABB3CE /* AppDelegate.swift */ = {isa = PBXFileReference; lastKnownFileType = sourcecode.swift; path = AppDelegate.swift; sourceTree = "<group>"; };
		5CB39B5628BCCAF600ABB3CE /* SceneDelegate.swift */ = {isa = PBXFileReference; lastKnownFileType = sourcecode.swift; path = SceneDelegate.swift; sourceTree = "<group>"; };
		5CB39B6228BCCAFA00ABB3CE /* Info.plist */ = {isa = PBXFileReference; lastKnownFileType = text.plist.xml; path = Info.plist; sourceTree = "<group>"; };
		5CB39B6828BCD14500ABB3CE /* AppRootView.swift */ = {isa = PBXFileReference; lastKnownFileType = sourcecode.swift; path = AppRootView.swift; sourceTree = "<group>"; };
		5CB39B6C28BCD99500ABB3CE /* AppCoordinator.swift */ = {isa = PBXFileReference; lastKnownFileType = sourcecode.swift; path = AppCoordinator.swift; sourceTree = "<group>"; };
		5CB39B6E28BCD9D300ABB3CE /* AppCoordinatorView.swift */ = {isa = PBXFileReference; lastKnownFileType = sourcecode.swift; path = AppCoordinatorView.swift; sourceTree = "<group>"; };
		5CB39B7628BCE66600ABB3CE /* OnboardingView.swift */ = {isa = PBXFileReference; lastKnownFileType = sourcecode.swift; path = OnboardingView.swift; sourceTree = "<group>"; };
		5CB39B7828BCE6D300ABB3CE /* OnboardingViewModel.swift */ = {isa = PBXFileReference; lastKnownFileType = sourcecode.swift; path = OnboardingViewModel.swift; sourceTree = "<group>"; };
		5CB39B7B28BCEE4600ABB3CE /* MainCoordinator.swift */ = {isa = PBXFileReference; lastKnownFileType = sourcecode.swift; path = MainCoordinator.swift; sourceTree = "<group>"; };
		5CB39B7D28BCEECC00ABB3CE /* MainCoordinatorView.swift */ = {isa = PBXFileReference; lastKnownFileType = sourcecode.swift; path = MainCoordinatorView.swift; sourceTree = "<group>"; };
		5CB39B8028BCF0EB00ABB3CE /* MainView.swift */ = {isa = PBXFileReference; lastKnownFileType = sourcecode.swift; path = MainView.swift; sourceTree = "<group>"; };
		5CB39B8228BCF11400ABB3CE /* MainViewModel.swift */ = {isa = PBXFileReference; lastKnownFileType = sourcecode.swift; path = MainViewModel.swift; sourceTree = "<group>"; };
		5CB39B8528BCF33A00ABB3CE /* View+NavigationExtension.swift */ = {isa = PBXFileReference; lastKnownFileType = sourcecode.swift; path = "View+NavigationExtension.swift"; sourceTree = "<group>"; };
		5CB39B8828BD12D700ABB3CE /* SplashView.swift */ = {isa = PBXFileReference; lastKnownFileType = sourcecode.swift; path = SplashView.swift; sourceTree = "<group>"; };
		5CB39B8A28BE5ABF00ABB3CE /* Color+Extension.swift */ = {isa = PBXFileReference; lastKnownFileType = sourcecode.swift; path = "Color+Extension.swift"; sourceTree = "<group>"; };
		5CB39B8E28BE709C00ABB3CE /* BooButtonView.swift */ = {isa = PBXFileReference; lastKnownFileType = sourcecode.swift; path = BooButtonView.swift; sourceTree = "<group>"; };
		5CB39B9028BE722800ABB3CE /* UIBezier+Extension.swift */ = {isa = PBXFileReference; lastKnownFileType = sourcecode.swift; path = "UIBezier+Extension.swift"; sourceTree = "<group>"; };
		5CB39B9228BE726F00ABB3CE /* ShapeView.swift */ = {isa = PBXFileReference; lastKnownFileType = sourcecode.swift; path = ShapeView.swift; sourceTree = "<group>"; };
		5CB39B9428BF7E2F00ABB3CE /* PlanetButtonView.swift */ = {isa = PBXFileReference; lastKnownFileType = sourcecode.swift; path = PlanetButtonView.swift; sourceTree = "<group>"; };
		5CB39B9628BF7E6A00ABB3CE /* TVButtonView.swift */ = {isa = PBXFileReference; lastKnownFileType = sourcecode.swift; path = TVButtonView.swift; sourceTree = "<group>"; };
		5CB39B9828BF818D00ABB3CE /* Assets.xcassets */ = {isa = PBXFileReference; lastKnownFileType = folder.assetcatalog; path = Assets.xcassets; sourceTree = "<group>"; };
/* End PBXFileReference section */

/* Begin PBXFrameworksBuildPhase section */
		5CB39B4E28BCCAF600ABB3CE /* Frameworks */ = {
			isa = PBXFrameworksBuildPhase;
			buildActionMask = 2147483647;
			files = (
			);
			runOnlyForDeploymentPostprocessing = 0;
		};
/* End PBXFrameworksBuildPhase section */

/* Begin PBXGroup section */
		5CB39B4828BCCAF600ABB3CE = {
			isa = PBXGroup;
			children = (
				5CB39B5328BCCAF600ABB3CE /* RickAndMorty */,
				5CB39B5228BCCAF600ABB3CE /* Products */,
			);
			sourceTree = "<group>";
		};
		5CB39B5228BCCAF600ABB3CE /* Products */ = {
			isa = PBXGroup;
			children = (
				5CB39B5128BCCAF600ABB3CE /* RickAndMorty.app */,
			);
			name = Products;
			sourceTree = "<group>";
		};
		5CB39B5328BCCAF600ABB3CE /* RickAndMorty */ = {
			isa = PBXGroup;
			children = (
				5CB39B8C28BE704F00ABB3CE /* Styles */,
				5CB39B8428BCF31400ABB3CE /* Extension */,
				5CB39B5428BCCAF600ABB3CE /* AppDelegate.swift */,
				5CB39B5628BCCAF600ABB3CE /* SceneDelegate.swift */,
				5CB39B6A28BCD95700ABB3CE /* Scenes */,
				5CB39B6228BCCAFA00ABB3CE /* Info.plist */,
				5CB39B9828BF818D00ABB3CE /* Assets.xcassets */,
			);
			path = RickAndMorty;
			sourceTree = "<group>";
		};
		5CB39B6A28BCD95700ABB3CE /* Scenes */ = {
			isa = PBXGroup;
			children = (
				5CB39B8728BD12BE00ABB3CE /* Splash */,
				5CB39B7A28BCECE700ABB3CE /* Main */,
				5CB39B7028BCE1A900ABB3CE /* Onboarding */,
				5CB39B6B28BCD97700ABB3CE /* AppCoordinator */,
				5CB39B6828BCD14500ABB3CE /* AppRootView.swift */,
			);
			path = Scenes;
			sourceTree = "<group>";
		};
		5CB39B6B28BCD97700ABB3CE /* AppCoordinator */ = {
			isa = PBXGroup;
			children = (
				5CB39B6C28BCD99500ABB3CE /* AppCoordinator.swift */,
				5CB39B6E28BCD9D300ABB3CE /* AppCoordinatorView.swift */,
			);
			path = AppCoordinator;
			sourceTree = "<group>";
		};
		5CB39B7028BCE1A900ABB3CE /* Onboarding */ = {
			isa = PBXGroup;
			children = (
				5CB39B7628BCE66600ABB3CE /* OnboardingView.swift */,
				5CB39B7828BCE6D300ABB3CE /* OnboardingViewModel.swift */,
			);
			path = Onboarding;
			sourceTree = "<group>";
		};
		5CB39B7A28BCECE700ABB3CE /* Main */ = {
			isa = PBXGroup;
			children = (
				5CB39B7F28BCF09400ABB3CE /* Coordinator */,
				5CB39B8028BCF0EB00ABB3CE /* MainView.swift */,
				5CB39B8228BCF11400ABB3CE /* MainViewModel.swift */,
			);
			path = Main;
			sourceTree = "<group>";
		};
		5CB39B7F28BCF09400ABB3CE /* Coordinator */ = {
			isa = PBXGroup;
			children = (
				5CB39B7B28BCEE4600ABB3CE /* MainCoordinator.swift */,
				5CB39B7D28BCEECC00ABB3CE /* MainCoordinatorView.swift */,
			);
			path = Coordinator;
			sourceTree = "<group>";
		};
		5CB39B8428BCF31400ABB3CE /* Extension */ = {
			isa = PBXGroup;
			children = (
				5CB39B8528BCF33A00ABB3CE /* View+NavigationExtension.swift */,
				5CB39B8A28BE5ABF00ABB3CE /* Color+Extension.swift */,
				5CB39B9028BE722800ABB3CE /* UIBezier+Extension.swift */,
			);
			path = Extension;
			sourceTree = "<group>";
		};
		5CB39B8728BD12BE00ABB3CE /* Splash */ = {
			isa = PBXGroup;
			children = (
				5CB39B8828BD12D700ABB3CE /* SplashView.swift */,
			);
			path = Splash;
			sourceTree = "<group>";
		};
		5CB39B8C28BE704F00ABB3CE /* Styles */ = {
			isa = PBXGroup;
			children = (
				5CB39B8D28BE707A00ABB3CE /* TabButtons */,
				5CB39B9228BE726F00ABB3CE /* ShapeView.swift */,
			);
			path = Styles;
			sourceTree = "<group>";
		};
		5CB39B8D28BE707A00ABB3CE /* TabButtons */ = {
			isa = PBXGroup;
			children = (
				5CB39B8E28BE709C00ABB3CE /* BooButtonView.swift */,
				5CB39B9428BF7E2F00ABB3CE /* PlanetButtonView.swift */,
				5CB39B9628BF7E6A00ABB3CE /* TVButtonView.swift */,
			);
			path = TabButtons;
			sourceTree = "<group>";
		};
/* End PBXGroup section */

/* Begin PBXNativeTarget section */
		5CB39B5028BCCAF600ABB3CE /* RickAndMorty */ = {
			isa = PBXNativeTarget;
			buildConfigurationList = 5CB39B6528BCCAFA00ABB3CE /* Build configuration list for PBXNativeTarget "RickAndMorty" */;
			buildPhases = (
				5CB39B4D28BCCAF600ABB3CE /* Sources */,
				5CB39B4E28BCCAF600ABB3CE /* Frameworks */,
				5CB39B4F28BCCAF600ABB3CE /* Resources */,
			);
			buildRules = (
			);
			dependencies = (
			);
			name = RickAndMorty;
			productName = RickAndMorty;
			productReference = 5CB39B5128BCCAF600ABB3CE /* RickAndMorty.app */;
			productType = "com.apple.product-type.application";
		};
/* End PBXNativeTarget section */

/* Begin PBXProject section */
		5CB39B4928BCCAF600ABB3CE /* Project object */ = {
			isa = PBXProject;
			attributes = {
				BuildIndependentTargetsInParallel = 1;
				LastSwiftUpdateCheck = 1340;
				LastUpgradeCheck = 1340;
				TargetAttributes = {
					5CB39B5028BCCAF600ABB3CE = {
						CreatedOnToolsVersion = 13.4.1;
					};
				};
			};
			buildConfigurationList = 5CB39B4C28BCCAF600ABB3CE /* Build configuration list for PBXProject "RickAndMorty" */;
			compatibilityVersion = "Xcode 13.0";
			developmentRegion = en;
			hasScannedForEncodings = 0;
			knownRegions = (
				en,
				Base,
			);
			mainGroup = 5CB39B4828BCCAF600ABB3CE;
			productRefGroup = 5CB39B5228BCCAF600ABB3CE /* Products */;
			projectDirPath = "";
			projectRoot = "";
			targets = (
				5CB39B5028BCCAF600ABB3CE /* RickAndMorty */,
			);
		};
/* End PBXProject section */

/* Begin PBXResourcesBuildPhase section */
		5CB39B4F28BCCAF600ABB3CE /* Resources */ = {
			isa = PBXResourcesBuildPhase;
			buildActionMask = 2147483647;
			files = (
				5CB39B9928BF818D00ABB3CE /* Assets.xcassets in Resources */,
			);
			runOnlyForDeploymentPostprocessing = 0;
		};
/* End PBXResourcesBuildPhase section */

/* Begin PBXSourcesBuildPhase section */
		5CB39B4D28BCCAF600ABB3CE /* Sources */ = {
			isa = PBXSourcesBuildPhase;
			buildActionMask = 2147483647;
			files = (
				5CB39B8F28BE709C00ABB3CE /* BooButtonView.swift in Sources */,
				5CB39B6D28BCD99500ABB3CE /* AppCoordinator.swift in Sources */,
				5CB39B8B28BE5ABF00ABB3CE /* Color+Extension.swift in Sources */,
				5CB39B8128BCF0EB00ABB3CE /* MainView.swift in Sources */,
				5CB39B8928BD12D700ABB3CE /* SplashView.swift in Sources */,
				5CB39B6928BCD14500ABB3CE /* AppRootView.swift in Sources */,
				5CB39B7C28BCEE4600ABB3CE /* MainCoordinator.swift in Sources */,
				5CB39B8328BCF11400ABB3CE /* MainViewModel.swift in Sources */,
				5CB39B7E28BCEECC00ABB3CE /* MainCoordinatorView.swift in Sources */,
				5CB39B5528BCCAF600ABB3CE /* AppDelegate.swift in Sources */,
				5CB39B9128BE722800ABB3CE /* UIBezier+Extension.swift in Sources */,
				5CB39B7928BCE6D400ABB3CE /* OnboardingViewModel.swift in Sources */,
				5CB39B9328BE726F00ABB3CE /* ShapeView.swift in Sources */,
				5CB39B7728BCE66600ABB3CE /* OnboardingView.swift in Sources */,
				5CB39B5728BCCAF600ABB3CE /* SceneDelegate.swift in Sources */,
				5CB39B8628BCF33A00ABB3CE /* View+NavigationExtension.swift in Sources */,
				5CB39B9528BF7E2F00ABB3CE /* PlanetButtonView.swift in Sources */,
				5CB39B6F28BCD9D300ABB3CE /* AppCoordinatorView.swift in Sources */,
				5CB39B9728BF7E6A00ABB3CE /* TVButtonView.swift in Sources */,
			);
			runOnlyForDeploymentPostprocessing = 0;
		};
/* End PBXSourcesBuildPhase section */

/* Begin XCBuildConfiguration section */
		5CB39B6328BCCAFA00ABB3CE /* Debug */ = {
			isa = XCBuildConfiguration;
			buildSettings = {
				ALWAYS_SEARCH_USER_PATHS = NO;
				CLANG_ANALYZER_NONNULL = YES;
				CLANG_ANALYZER_NUMBER_OBJECT_CONVERSION = YES_AGGRESSIVE;
				CLANG_CXX_LANGUAGE_STANDARD = "gnu++17";
				CLANG_ENABLE_MODULES = YES;
				CLANG_ENABLE_OBJC_ARC = YES;
				CLANG_ENABLE_OBJC_WEAK = YES;
				CLANG_WARN_BLOCK_CAPTURE_AUTORELEASING = YES;
				CLANG_WARN_BOOL_CONVERSION = YES;
				CLANG_WARN_COMMA = YES;
				CLANG_WARN_CONSTANT_CONVERSION = YES;
				CLANG_WARN_DEPRECATED_OBJC_IMPLEMENTATIONS = YES;
				CLANG_WARN_DIRECT_OBJC_ISA_USAGE = YES_ERROR;
				CLANG_WARN_DOCUMENTATION_COMMENTS = YES;
				CLANG_WARN_EMPTY_BODY = YES;
				CLANG_WARN_ENUM_CONVERSION = YES;
				CLANG_WARN_INFINITE_RECURSION = YES;
				CLANG_WARN_INT_CONVERSION = YES;
				CLANG_WARN_NON_LITERAL_NULL_CONVERSION = YES;
				CLANG_WARN_OBJC_IMPLICIT_RETAIN_SELF = YES;
				CLANG_WARN_OBJC_LITERAL_CONVERSION = YES;
				CLANG_WARN_OBJC_ROOT_CLASS = YES_ERROR;
				CLANG_WARN_QUOTED_INCLUDE_IN_FRAMEWORK_HEADER = YES;
				CLANG_WARN_RANGE_LOOP_ANALYSIS = YES;
				CLANG_WARN_STRICT_PROTOTYPES = YES;
				CLANG_WARN_SUSPICIOUS_MOVE = YES;
				CLANG_WARN_UNGUARDED_AVAILABILITY = YES_AGGRESSIVE;
				CLANG_WARN_UNREACHABLE_CODE = YES;
				CLANG_WARN__DUPLICATE_METHOD_MATCH = YES;
				COPY_PHASE_STRIP = NO;
				DEBUG_INFORMATION_FORMAT = dwarf;
				ENABLE_STRICT_OBJC_MSGSEND = YES;
				ENABLE_TESTABILITY = YES;
				GCC_C_LANGUAGE_STANDARD = gnu11;
				GCC_DYNAMIC_NO_PIC = NO;
				GCC_NO_COMMON_BLOCKS = YES;
				GCC_OPTIMIZATION_LEVEL = 0;
				GCC_PREPROCESSOR_DEFINITIONS = (
					"DEBUG=1",
					"$(inherited)",
				);
				GCC_WARN_64_TO_32_BIT_CONVERSION = YES;
				GCC_WARN_ABOUT_RETURN_TYPE = YES_ERROR;
				GCC_WARN_UNDECLARED_SELECTOR = YES;
				GCC_WARN_UNINITIALIZED_AUTOS = YES_AGGRESSIVE;
				GCC_WARN_UNUSED_FUNCTION = YES;
				GCC_WARN_UNUSED_VARIABLE = YES;
				IPHONEOS_DEPLOYMENT_TARGET = 15.5;
				MTL_ENABLE_DEBUG_INFO = INCLUDE_SOURCE;
				MTL_FAST_MATH = YES;
				ONLY_ACTIVE_ARCH = YES;
				SDKROOT = iphoneos;
				SWIFT_ACTIVE_COMPILATION_CONDITIONS = DEBUG;
				SWIFT_OPTIMIZATION_LEVEL = "-Onone";
			};
			name = Debug;
		};
		5CB39B6428BCCAFA00ABB3CE /* Release */ = {
			isa = XCBuildConfiguration;
			buildSettings = {
				ALWAYS_SEARCH_USER_PATHS = NO;
				CLANG_ANALYZER_NONNULL = YES;
				CLANG_ANALYZER_NUMBER_OBJECT_CONVERSION = YES_AGGRESSIVE;
				CLANG_CXX_LANGUAGE_STANDARD = "gnu++17";
				CLANG_ENABLE_MODULES = YES;
				CLANG_ENABLE_OBJC_ARC = YES;
				CLANG_ENABLE_OBJC_WEAK = YES;
				CLANG_WARN_BLOCK_CAPTURE_AUTORELEASING = YES;
				CLANG_WARN_BOOL_CONVERSION = YES;
				CLANG_WARN_COMMA = YES;
				CLANG_WARN_CONSTANT_CONVERSION = YES;
				CLANG_WARN_DEPRECATED_OBJC_IMPLEMENTATIONS = YES;
				CLANG_WARN_DIRECT_OBJC_ISA_USAGE = YES_ERROR;
				CLANG_WARN_DOCUMENTATION_COMMENTS = YES;
				CLANG_WARN_EMPTY_BODY = YES;
				CLANG_WARN_ENUM_CONVERSION = YES;
				CLANG_WARN_INFINITE_RECURSION = YES;
				CLANG_WARN_INT_CONVERSION = YES;
				CLANG_WARN_NON_LITERAL_NULL_CONVERSION = YES;
				CLANG_WARN_OBJC_IMPLICIT_RETAIN_SELF = YES;
				CLANG_WARN_OBJC_LITERAL_CONVERSION = YES;
				CLANG_WARN_OBJC_ROOT_CLASS = YES_ERROR;
				CLANG_WARN_QUOTED_INCLUDE_IN_FRAMEWORK_HEADER = YES;
				CLANG_WARN_RANGE_LOOP_ANALYSIS = YES;
				CLANG_WARN_STRICT_PROTOTYPES = YES;
				CLANG_WARN_SUSPICIOUS_MOVE = YES;
				CLANG_WARN_UNGUARDED_AVAILABILITY = YES_AGGRESSIVE;
				CLANG_WARN_UNREACHABLE_CODE = YES;
				CLANG_WARN__DUPLICATE_METHOD_MATCH = YES;
				COPY_PHASE_STRIP = NO;
				DEBUG_INFORMATION_FORMAT = "dwarf-with-dsym";
				ENABLE_NS_ASSERTIONS = NO;
				ENABLE_STRICT_OBJC_MSGSEND = YES;
				GCC_C_LANGUAGE_STANDARD = gnu11;
				GCC_NO_COMMON_BLOCKS = YES;
				GCC_WARN_64_TO_32_BIT_CONVERSION = YES;
				GCC_WARN_ABOUT_RETURN_TYPE = YES_ERROR;
				GCC_WARN_UNDECLARED_SELECTOR = YES;
				GCC_WARN_UNINITIALIZED_AUTOS = YES_AGGRESSIVE;
				GCC_WARN_UNUSED_FUNCTION = YES;
				GCC_WARN_UNUSED_VARIABLE = YES;
				IPHONEOS_DEPLOYMENT_TARGET = 15.5;
				MTL_ENABLE_DEBUG_INFO = NO;
				MTL_FAST_MATH = YES;
				SDKROOT = iphoneos;
				SWIFT_COMPILATION_MODE = wholemodule;
				SWIFT_OPTIMIZATION_LEVEL = "-O";
				VALIDATE_PRODUCT = YES;
			};
			name = Release;
		};
		5CB39B6628BCCAFA00ABB3CE /* Debug */ = {
			isa = XCBuildConfiguration;
			buildSettings = {
				ASSETCATALOG_COMPILER_APPICON_NAME = AppIcon;
				ASSETCATALOG_COMPILER_GLOBAL_ACCENT_COLOR_NAME = AccentColor;
				CODE_SIGN_STYLE = Automatic;
				CURRENT_PROJECT_VERSION = 1;
				DEVELOPMENT_TEAM = 7TUNQ9UT9C;
				GENERATE_INFOPLIST_FILE = YES;
				INFOPLIST_FILE = RickAndMorty/Info.plist;
				INFOPLIST_KEY_UIApplicationSupportsIndirectInputEvents = YES;
				INFOPLIST_KEY_UILaunchScreen_Generation = NO;
				INFOPLIST_KEY_UILaunchStoryboardName = "";
				INFOPLIST_KEY_UISupportedInterfaceOrientations_iPad = "UIInterfaceOrientationPortrait UIInterfaceOrientationPortraitUpsideDown UIInterfaceOrientationLandscapeLeft UIInterfaceOrientationLandscapeRight";
				INFOPLIST_KEY_UISupportedInterfaceOrientations_iPhone = "UIInterfaceOrientationPortrait UIInterfaceOrientationLandscapeLeft UIInterfaceOrientationLandscapeRight";
				IPHONEOS_DEPLOYMENT_TARGET = 15.0;
				LD_RUNPATH_SEARCH_PATHS = (
					"$(inherited)",
					"@executable_path/Frameworks",
				);
				MARKETING_VERSION = 1.0;
				PRODUCT_BUNDLE_IDENTIFIER = vSEQ.teat.RickAndMorty;
				PRODUCT_NAME = "$(TARGET_NAME)";
				SWIFT_EMIT_LOC_STRINGS = YES;
				SWIFT_VERSION = 5.0;
				TARGETED_DEVICE_FAMILY = 1;
			};
			name = Debug;
		};
		5CB39B6728BCCAFA00ABB3CE /* Release */ = {
			isa = XCBuildConfiguration;
			buildSettings = {
				ASSETCATALOG_COMPILER_APPICON_NAME = AppIcon;
				ASSETCATALOG_COMPILER_GLOBAL_ACCENT_COLOR_NAME = AccentColor;
				CODE_SIGN_STYLE = Automatic;
				CURRENT_PROJECT_VERSION = 1;
				DEVELOPMENT_TEAM = 7TUNQ9UT9C;
				GENERATE_INFOPLIST_FILE = YES;
				INFOPLIST_FILE = RickAndMorty/Info.plist;
				INFOPLIST_KEY_UIApplicationSupportsIndirectInputEvents = YES;
				INFOPLIST_KEY_UILaunchScreen_Generation = NO;
				INFOPLIST_KEY_UILaunchStoryboardName = "";
				INFOPLIST_KEY_UISupportedInterfaceOrientations_iPad = "UIInterfaceOrientationPortrait UIInterfaceOrientationPortraitUpsideDown UIInterfaceOrientationLandscapeLeft UIInterfaceOrientationLandscapeRight";
				INFOPLIST_KEY_UISupportedInterfaceOrientations_iPhone = "UIInterfaceOrientationPortrait UIInterfaceOrientationLandscapeLeft UIInterfaceOrientationLandscapeRight";
				IPHONEOS_DEPLOYMENT_TARGET = 15.0;
				LD_RUNPATH_SEARCH_PATHS = (
					"$(inherited)",
					"@executable_path/Frameworks",
				);
				MARKETING_VERSION = 1.0;
				PRODUCT_BUNDLE_IDENTIFIER = vSEQ.teat.RickAndMorty;
				PRODUCT_NAME = "$(TARGET_NAME)";
				SWIFT_EMIT_LOC_STRINGS = YES;
				SWIFT_VERSION = 5.0;
				TARGETED_DEVICE_FAMILY = 1;
			};
			name = Release;
		};
/* End XCBuildConfiguration section */

/* Begin XCConfigurationList section */
		5CB39B4C28BCCAF600ABB3CE /* Build configuration list for PBXProject "RickAndMorty" */ = {
			isa = XCConfigurationList;
			buildConfigurations = (
				5CB39B6328BCCAFA00ABB3CE /* Debug */,
				5CB39B6428BCCAFA00ABB3CE /* Release */,
			);
			defaultConfigurationIsVisible = 0;
			defaultConfigurationName = Release;
		};
		5CB39B6528BCCAFA00ABB3CE /* Build configuration list for PBXNativeTarget "RickAndMorty" */ = {
			isa = XCConfigurationList;
			buildConfigurations = (
				5CB39B6628BCCAFA00ABB3CE /* Debug */,
				5CB39B6728BCCAFA00ABB3CE /* Release */,
			);
			defaultConfigurationIsVisible = 0;
			defaultConfigurationName = Release;
		};
/* End XCConfigurationList section */
	};
	rootObject = 5CB39B4928BCCAF600ABB3CE /* Project object */;
}
